
Microsoft Visual Studio Solution File, Format Version 12.00
# Visual Studio Version 17
VisualStudioVersion = 17.10.34928.147
MinimumVisualStudioVersion = 10.0.40219.1
Project("{FAE04EC0-301F-11D3-BF4B-00C04F79EFBC}") = "LeetCode", "LeetCode\LeetCode.csproj", "{10FDED55-928F-4383-B5BA-0282ACBF92C8}"
EndProject
Project("{FAE04EC0-301F-11D3-BF4B-00C04F79EFBC}") = "Trie", "Trie\Trie.csproj", "{937C9C6E-9CDE-48C6-86DC-D9D0C0DED2BF}"
EndProject
Project("{FAE04EC0-301F-11D3-BF4B-00C04F79EFBC}") = "Leetcode438FindAllAnagrams", "Leetcode438FindAllAnagrams\Leetcode438FindAllAnagrams.csproj", "{B3B8AC78-2A71-49F8-9B79-1E7267EADBEC}"
EndProject
Global
	GlobalSection(SolutionConfigurationPlatforms) = preSolution
		Debug|Any CPU = Debug|Any CPU
		Release|Any CPU = Release|Any CPU
	EndGlobalSection
	GlobalSection(ProjectConfigurationPlatforms) = postSolution
		{10FDED55-928F-4383-B5BA-0282ACBF92C8}.Debug|Any CPU.ActiveCfg = Debug|Any CPU
		{10FDED55-928F-4383-B5BA-0282ACBF92C8}.Debug|Any CPU.Build.0 = Debug|Any CPU
		{10FDED55-928F-4383-B5BA-0282ACBF92C8}.Release|Any CPU.ActiveCfg = Release|Any CPU
		{10FDED55-928F-4383-B5BA-0282ACBF92C8}.Release|Any CPU.Build.0 = Release|Any CPU
		{937C9C6E-9CDE-48C6-86DC-D9D0C0DED2BF}.Debug|Any CPU.ActiveCfg = Debug|Any CPU
		{937C9C6E-9CDE-48C6-86DC-D9D0C0DED2BF}.Debug|Any CPU.Build.0 = Debug|Any CPU
		{937C9C6E-9CDE-48C6-86DC-D9D0C0DED2BF}.Release|Any CPU.ActiveCfg = Release|Any CPU
		{937C9C6E-9CDE-48C6-86DC-D9D0C0DED2BF}.Release|Any CPU.Build.0 = Release|Any CPU
		{B3B8AC78-2A71-49F8-9B79-1E7267EADBEC}.Debug|Any CPU.ActiveCfg = Debug|Any CPU
		{B3B8AC78-2A71-49F8-9B79-1E7267EADBEC}.Debug|Any CPU.Build.0 = Debug|Any CPU
		{B3B8AC78-2A71-49F8-9B79-1E7267EADBEC}.Release|Any CPU.ActiveCfg = Release|Any CPU
		{B3B8AC78-2A71-49F8-9B79-1E7267EADBEC}.Release|Any CPU.Build.0 = Release|Any CPU
	EndGlobalSection
	GlobalSection(SolutionProperties) = preSolution
		HideSolutionNode = FALSE
	EndGlobalSection
	GlobalSection(ExtensibilityGlobals) = postSolution
		SolutionGuid = {7B314C28-E7C9-41DC-BAC1-F4FA4D39FF6D}
	EndGlobalSection
EndGlobal
